
Microsoft Visual Studio Solution File, Format Version 12.00
# Visual Studio Version 16
VisualStudioVersion = 16.0.31729.503
MinimumVisualStudioVersion = 10.0.40219.1
Project("{FAE04EC0-301F-11D3-BF4B-00C04F79EFBC}") = "Day01", "Day01\Day01.csproj", "{DCC79137-6AE0-4643-AF00-64211D4EC77F}"
EndProject
Global
	GlobalSection(SolutionConfigurationPlatforms) = preSolution
		Debug|Any CPU = Debug|Any CPU
		Release|Any CPU = Release|Any CPU
	EndGlobalSection
	GlobalSection(ProjectConfigurationPlatforms) = postSolution
		{DCC79137-6AE0-4643-AF00-64211D4EC77F}.Debug|Any CPU.ActiveCfg = Debug|Any CPU
		{DCC79137-6AE0-4643-AF00-64211D4EC77F}.Debug|Any CPU.Build.0 = Debug|Any CPU
		{DCC79137-6AE0-4643-AF00-64211D4EC77F}.Release|Any CPU.ActiveCfg = Release|Any CPU
		{DCC79137-6AE0-4643-AF00-64211D4EC77F}.Release|Any CPU.Build.0 = Release|Any CPU
	EndGlobalSection
	GlobalSection(SolutionProperties) = preSolution
		HideSolutionNode = FALSE
	EndGlobalSection
	GlobalSection(ExtensibilityGlobals) = postSolution
		SolutionGuid = {603C0BF9-8C27-4E88-AD30-2FE69FF1244F}
	EndGlobalSection
EndGlobal
