
Microsoft Visual Studio Solution File, Format Version 12.00
# Visual Studio Version 16
VisualStudioVersion = 16.0.31729.503
MinimumVisualStudioVersion = 10.0.40219.1
Project("{FAE04EC0-301F-11D3-BF4B-00C04F79EFBC}") = "Day04", "Day04\Day04.csproj", "{F51921FF-05B5-4457-907A-E0E50FD03B48}"
EndProject
Global
	GlobalSection(SolutionConfigurationPlatforms) = preSolution
		Debug|Any CPU = Debug|Any CPU
		Release|Any CPU = Release|Any CPU
	EndGlobalSection
	GlobalSection(ProjectConfigurationPlatforms) = postSolution
		{F51921FF-05B5-4457-907A-E0E50FD03B48}.Debug|Any CPU.ActiveCfg = Debug|Any CPU
		{F51921FF-05B5-4457-907A-E0E50FD03B48}.Debug|Any CPU.Build.0 = Debug|Any CPU
		{F51921FF-05B5-4457-907A-E0E50FD03B48}.Release|Any CPU.ActiveCfg = Release|Any CPU
		{F51921FF-05B5-4457-907A-E0E50FD03B48}.Release|Any CPU.Build.0 = Release|Any CPU
	EndGlobalSection
	GlobalSection(SolutionProperties) = preSolution
		HideSolutionNode = FALSE
	EndGlobalSection
	GlobalSection(ExtensibilityGlobals) = postSolution
		SolutionGuid = {04181A29-BA61-466B-BDB4-C924926062B9}
	EndGlobalSection
EndGlobal
